
Microsoft Visual Studio Solution File, Format Version 12.00
# Visual Studio Version 16
VisualStudioVersion = 16.0.30907.101
MinimumVisualStudioVersion = 10.0.40219.1
Project("{FAE04EC0-301F-11D3-BF4B-00C04F79EFBC}") = "ChatonsBDD_B31", "ChatonsBDD_B31\ChatonsBDD_B31.csproj", "{FF488FD4-0B0D-4A56-A3E1-5A86CE8B54C6}"
EndProject
Global
	GlobalSection(SolutionConfigurationPlatforms) = preSolution
		Debug|Any CPU = Debug|Any CPU
		Release|Any CPU = Release|Any CPU
	EndGlobalSection
	GlobalSection(ProjectConfigurationPlatforms) = postSolution
		{FF488FD4-0B0D-4A56-A3E1-5A86CE8B54C6}.Debug|Any CPU.ActiveCfg = Debug|Any CPU
		{FF488FD4-0B0D-4A56-A3E1-5A86CE8B54C6}.Debug|Any CPU.Build.0 = Debug|Any CPU
		{FF488FD4-0B0D-4A56-A3E1-5A86CE8B54C6}.Release|Any CPU.ActiveCfg = Release|Any CPU
		{FF488FD4-0B0D-4A56-A3E1-5A86CE8B54C6}.Release|Any CPU.Build.0 = Release|Any CPU
	EndGlobalSection
	GlobalSection(SolutionProperties) = preSolution
		HideSolutionNode = FALSE
	EndGlobalSection
	GlobalSection(ExtensibilityGlobals) = postSolution
		SolutionGuid = {DF0D1C4B-86D8-4CD8-BDB1-35D1C57E815A}
	EndGlobalSection
EndGlobal
